
Microsoft Visual Studio Solution File, Format Version 12.00
# Visual Studio Version 17
VisualStudioVersion = 17.8.34330.188
MinimumVisualStudioVersion = 10.0.40219.1
Project("{F184B08F-C81C-45F6-A57F-5ABD9991F28F}") = "RoamLab", "RoamLab\RoamLab.vbproj", "{CD8E53D2-B177-494B-AE08-1CEEF98E43D7}"
EndProject
Project("{9A19103F-16F7-4668-BE54-9A1E7A4F7556}") = "RoamLab.BO", "RoamLab.BO\RoamLab.BO.csproj", "{7ADDAD89-E3B5-4F1F-8F00-11E46D7E774B}"
EndProject
Project("{9A19103F-16F7-4668-BE54-9A1E7A4F7556}") = "RoamLab.DAL", "RoamLab.DAL\RoamLab.DAL.csproj", "{75DD4D3C-AA6B-48F6-BFF0-2731F659D21C}"
EndProject
Project("{9A19103F-16F7-4668-BE54-9A1E7A4F7556}") = "RoamLab.BLL", "RoamLab.BLL\RoamLab.BLL.csproj", "{FFE5F115-670D-4EBC-998D-A0BE69507D52}"
EndProject
Global
	GlobalSection(SolutionConfigurationPlatforms) = preSolution
		Debug|Any CPU = Debug|Any CPU
		Release|Any CPU = Release|Any CPU
	EndGlobalSection
	GlobalSection(ProjectConfigurationPlatforms) = postSolution
		{CD8E53D2-B177-494B-AE08-1CEEF98E43D7}.Debug|Any CPU.ActiveCfg = Debug|Any CPU
		{CD8E53D2-B177-494B-AE08-1CEEF98E43D7}.Debug|Any CPU.Build.0 = Debug|Any CPU
		{CD8E53D2-B177-494B-AE08-1CEEF98E43D7}.Release|Any CPU.ActiveCfg = Release|Any CPU
		{CD8E53D2-B177-494B-AE08-1CEEF98E43D7}.Release|Any CPU.Build.0 = Release|Any CPU
		{7ADDAD89-E3B5-4F1F-8F00-11E46D7E774B}.Debug|Any CPU.ActiveCfg = Debug|Any CPU
		{7ADDAD89-E3B5-4F1F-8F00-11E46D7E774B}.Debug|Any CPU.Build.0 = Debug|Any CPU
		{7ADDAD89-E3B5-4F1F-8F00-11E46D7E774B}.Release|Any CPU.ActiveCfg = Release|Any CPU
		{7ADDAD89-E3B5-4F1F-8F00-11E46D7E774B}.Release|Any CPU.Build.0 = Release|Any CPU
		{75DD4D3C-AA6B-48F6-BFF0-2731F659D21C}.Debug|Any CPU.ActiveCfg = Debug|Any CPU
		{75DD4D3C-AA6B-48F6-BFF0-2731F659D21C}.Debug|Any CPU.Build.0 = Debug|Any CPU
		{75DD4D3C-AA6B-48F6-BFF0-2731F659D21C}.Release|Any CPU.ActiveCfg = Release|Any CPU
		{75DD4D3C-AA6B-48F6-BFF0-2731F659D21C}.Release|Any CPU.Build.0 = Release|Any CPU
		{FFE5F115-670D-4EBC-998D-A0BE69507D52}.Debug|Any CPU.ActiveCfg = Debug|Any CPU
		{FFE5F115-670D-4EBC-998D-A0BE69507D52}.Debug|Any CPU.Build.0 = Debug|Any CPU
		{FFE5F115-670D-4EBC-998D-A0BE69507D52}.Release|Any CPU.ActiveCfg = Release|Any CPU
		{FFE5F115-670D-4EBC-998D-A0BE69507D52}.Release|Any CPU.Build.0 = Release|Any CPU
	EndGlobalSection
	GlobalSection(SolutionProperties) = preSolution
		HideSolutionNode = FALSE
	EndGlobalSection
	GlobalSection(ExtensibilityGlobals) = postSolution
		SolutionGuid = {B1376D23-F071-49EB-A269-6E579B23378E}
	EndGlobalSection
EndGlobal
